{
  "nodes": {
    "dms": {
      "inputs": {
        "flake-compat": "flake-compat",
        "nixpkgs": [
          "nixpkgs"
        ]
      },
      "locked": {
        "lastModified": 1780106686,
        "narHash": "sha256-i8L8SX0CsSdsCCzinN7IGBn/6/aBNHHEeLBl9XURuAM=",
        "owner": "AvengeMedia",
        "repo": "DankMaterialShell",
        "rev": "f2d5ee46929b1ce2c920755a5e62e62d3d05c542",
        "type": "github"
      },
      "original": {
        "owner": "AvengeMedia",
        "repo": "DankMaterialShell",
        "type": "github"
      }
    },
    "flake-compat": {
      "flake": false,
      "locked": {
        "lastModified": 1767039857,
        "narHash": "sha256-vNpUSpF5Nuw8xvDLj2KCwwksIbjua2LZCqhV1LNRDns=",
        "owner": "NixOS",
        "repo": "flake-compat",
        "rev": "5edf11c44bc78a0d334f6334cdaf7d60d732daab",
        "type": "github"
      },
      "original": {
        "owner": "NixOS",
        "repo": "flake-compat",
        "type": "github"
      }
    },
    "flake-parts": {
      "inputs": {
        "nixpkgs-lib": [
          "nixvim",
          "nixpkgs"
        ]
      },
      "locked": {
        "lastModified": 1778716662,
        "narHash": "sha256-m1Yf0wZ8j1OHjTc2UwHwyQRSnNeSgLJOd7q5Y45hzi4=",
        "owner": "hercules-ci",
        "repo": "flake-parts",
        "rev": "f7c1a2d347e4c52d5fb8d10cb4d94b5884e546fb",
        "type": "github"
      },
      "original": {
        "owner": "hercules-ci",
        "repo": "flake-parts",
        "type": "github"
      }
    },
    "home-manager": {
      "inputs": {
        "nixpkgs": [
          "nixpkgs"
        ]
      },
      "locked": {
        "lastModified": 1782704057,
        "narHash": "sha256-G1I1gd32F7mp9LAe1DaZ4ZL7NX5gyiKwdCMwro1Vrck=",
        "owner": "nix-community",
        "repo": "home-manager",
        "rev": "868d0a692de703c2de98fab61968e4e310b7c28e",
        "type": "github"
      },
      "original": {
        "owner": "nix-community",
        "ref": "release-26.05",
        "repo": "home-manager",
        "type": "github"
      }
    },
    "michi-ocr": {
      "inputs": {
        "nixpkgs": "nixpkgs"
      },
      "locked": {
        "lastModified": 1782480727,
        "narHash": "sha256-9jN4gulBJ8IZ5znZkJNDuekin2y8QLfNUpQW+HRQPvQ=",
        "owner": "Emiya173",
        "repo": "michi-ocr",
        "rev": "767017fefc575a81373acfff91145f4e0696135f",
        "type": "github"
      },
      "original": {
        "owner": "Emiya173",
        "repo": "michi-ocr",
        "type": "github"
      }
    },
    "niri": {
      "inputs": {
        "niri-stable": "niri-stable",
        "niri-unstable": "niri-unstable",
        "nixpkgs": [
          "nixpkgs"
        ],
        "nixpkgs-stable": "nixpkgs-stable",
        "xwayland-satellite-stable": "xwayland-satellite-stable",
        "xwayland-satellite-unstable": "xwayland-satellite-unstable"
      },
      "locked": {
        "lastModified": 1780062130,
        "narHash": "sha256-3XF+oy0PX4aajJw2RNB8rlMpyu0eXCG4pGH7fe94yBg=",
        "owner": "sodiboo",
        "repo": "niri-flake",
        "rev": "3cb351d73c357a4e413f59c4551d219118791c14",
        "type": "github"
      },
      "original": {
        "owner": "sodiboo",
        "repo": "niri-flake",
        "type": "github"
      }
    },
    "niri-stable": {
      "flake": false,
      "locked": {
        "lastModified": 1756556321,
        "narHash": "sha256-RLD89dfjN0RVO86C/Mot0T7aduCygPGaYbog566F0Qo=",
        "owner": "YaLTeR",
        "repo": "niri",
        "rev": "01be0e65f4eb91a9cd624ac0b76aaeab765c7294",
        "type": "github"
      },
      "original": {
        "owner": "YaLTeR",
        "ref": "v25.08",
        "repo": "niri",
        "type": "github"
      }
    },
    "niri-unstable": {
      "flake": false,
      "locked": {
        "lastModified": 1780056110,
        "narHash": "sha256-t7lKVshV/srD0G06j4r5P5qj9zaDeZ9JYFCxHDGROZU=",
        "owner": "YaLTeR",
        "repo": "niri",
        "rev": "f9f43d826ab4014a7c302be28d7da33e12f5be37",
        "type": "github"
      },
      "original": {
        "owner": "YaLTeR",
        "repo": "niri",
        "type": "github"
      }
    },
    "nixpkgs": {
      "locked": {
        "lastModified": 1782233679,
        "narHash": "sha256-QyuGP5+QOtmXpy4i2X4DhBVBaySBdDKQEhqKcphcp34=",
        "owner": "NixOS",
        "repo": "nixpkgs",
        "rev": "667d5cf1c59585031d743c78b394b0a647537c35",
        "type": "github"
      },
      "original": {
        "owner": "NixOS",
        "ref": "nixos-26.05",
        "repo": "nixpkgs",
        "type": "github"
      }
    },
    "nixpkgs-stable": {
      "locked": {
        "lastModified": 1779796641,
        "narHash": "sha256-ZsIrKmhp4vbBXoXXmR/tBXA/UCsAQiJL9vsgZEduhVY=",
        "owner": "NixOS",
        "repo": "nixpkgs",
        "rev": "25f538306313eae3927264466c70d7001dcea1df",
        "type": "github"
      },
      "original": {
        "owner": "NixOS",
        "ref": "nixos-25.11",
        "repo": "nixpkgs",
        "type": "github"
      }
    },
    "nixpkgs-unstable": {
      "locked": {
        "lastModified": 1782723713,
        "narHash": "sha256-oPXCU/SSUokcGaJREHibG1CBX3+s/W7orDWQOZDsEeQ=",
        "owner": "NixOS",
        "repo": "nixpkgs",
        "rev": "b5aa0fbd538984f6e3d201be0005b4463d8b09f8",
        "type": "github"
      },
      "original": {
        "owner": "NixOS",
        "ref": "nixos-unstable",
        "repo": "nixpkgs",
        "type": "github"
      }
    },
    "nixpkgs_2": {
      "locked": {
        "lastModified": 1782847225,
        "narHash": "sha256-JC9PjqKYG9ve5U8aDOLQipp3+KLANBHUvGdLZlxzdKI=",
        "owner": "NixOS",
        "repo": "nixpkgs",
        "rev": "95ca1e203c0750115fd4a6f17d5a245dfe6b1edd",
        "type": "github"
      },
      "original": {
        "owner": "NixOS",
        "ref": "nixos-26.05",
        "repo": "nixpkgs",
        "type": "github"
      }
    },
    "nixvim": {
      "inputs": {
        "flake-parts": "flake-parts",
        "nixpkgs": [
          "nixpkgs"
        ],
        "systems": "systems"
      },
      "locked": {
        "lastModified": 1782919967,
        "narHash": "sha256-pRwjfB5HQJ3m8J8bOR43pPHtHI7VUJSqwLA3P06cOY0=",
        "owner": "nix-community",
        "repo": "nixvim",
        "rev": "667c8471f4a0fb24d702d1a61af8609f1a5f1ba6",
        "type": "github"
      },
      "original": {
        "owner": "nix-community",
        "ref": "nixos-26.05",
        "repo": "nixvim",
        "type": "github"
      }
    },
    "root": {
      "inputs": {
        "dms": "dms",
        "home-manager": "home-manager",
        "michi-ocr": "michi-ocr",
        "niri": "niri",
        "nixpkgs": "nixpkgs_2",
        "nixpkgs-unstable": "nixpkgs-unstable",
        "nixvim": "nixvim"
      }
    },
    "systems": {
      "locked": {
        "lastModified": 1681028828,
        "narHash": "sha256-Vy1rq5AaRuLzOxct8nz4T6wlgyUR7zLU309k9mBC768=",
        "owner": "nix-systems",
        "repo": "default",
        "rev": "da67096a3b9bf56a91d16901293e51ba5b49a27e",
        "type": "github"
      },
      "original": {
        "owner": "nix-systems",
        "repo": "default",
        "type": "github"
      }
    },
    "xwayland-satellite-stable": {
      "flake": false,
      "locked": {
        "lastModified": 1755491097,
        "narHash": "sha256-m+9tUfsmBeF2Gn4HWa6vSITZ4Gz1eA1F5Kh62B0N4oE=",
        "owner": "Supreeeme",
        "repo": "xwayland-satellite",
        "rev": "388d291e82ffbc73be18169d39470f340707edaa",
        "type": "github"
      },
      "original": {
        "owner": "Supreeeme",
        "ref": "v0.7",
        "repo": "xwayland-satellite",
        "type": "github"
      }
    },
    "xwayland-satellite-unstable": {
      "flake": false,
      "locked": {
        "lastModified": 1779745227,
        "narHash": "sha256-yqY7RtEJGJiENzR0GwL6q69tSAy6xAAmAcLuIhLjPf8=",
        "owner": "Supreeeme",
        "repo": "xwayland-satellite",
        "rev": "5d1efbc9dc3ab1c10160b656e0247f3325daf0f2",
        "type": "github"
      },
      "original": {
        "owner": "Supreeeme",
        "repo": "xwayland-satellite",
        "type": "github"
      }
    }
  },
  "root": "root",
  "version": 7
}
